{
  "name": "sanity-gatsby-blog",
  "version": "1.0.6",
  "lockfileVersion": 1,
  "requires": true,
  "dependencies": {
    "@sanity/cli": {
      "version": "0.147.8",
      "resolved": "https://registry.npmjs.org/@sanity/cli/-/cli-0.147.8.tgz",
      "integrity": "sha512-40l/s2DTh5q4iAcTKe8aCNNbF2aEk+030rFQldJrxmd49Ttgq+LCoaPyXO8sA8kOHGldB6tf0WERBXBvjgFYZA==",
      "dev": true
    }
  }
}
